
Microsoft Visual Studio Solution File, Format Version 12.00
# Visual Studio Version 16
VisualStudioVersion = 16.0.29418.71
MinimumVisualStudioVersion = 10.0.40219.1
Project("{FAE04EC0-301F-11D3-BF4B-00C04F79EFBC}") = "QuestTag", "QuestTag\QuestTag.csproj", "{80E6ED0E-07E3-446B-9A37-48E45C622E29}"
EndProject
Global
	GlobalSection(SolutionConfigurationPlatforms) = preSolution
		Debug|Any CPU = Debug|Any CPU
		Release|Any CPU = Release|Any CPU
	EndGlobalSection
	GlobalSection(ProjectConfigurationPlatforms) = postSolution
		{80E6ED0E-07E3-446B-9A37-48E45C622E29}.Debug|Any CPU.ActiveCfg = Debug|Any CPU
		{80E6ED0E-07E3-446B-9A37-48E45C622E29}.Debug|Any CPU.Build.0 = Debug|Any CPU
		{80E6ED0E-07E3-446B-9A37-48E45C622E29}.Release|Any CPU.ActiveCfg = Release|Any CPU
		{80E6ED0E-07E3-446B-9A37-48E45C622E29}.Release|Any CPU.Build.0 = Release|Any CPU
	EndGlobalSection
	GlobalSection(SolutionProperties) = preSolution
		HideSolutionNode = FALSE
	EndGlobalSection
	GlobalSection(ExtensibilityGlobals) = postSolution
		SolutionGuid = {978BC296-73BB-434F-802D-EE81B2C8296B}
	EndGlobalSection
EndGlobal
